// !$*UTF8*$!
{
	archiveVersion = 1;
	classes = {
	};
	objectVersion = 56;
	objects = {

/* Begin PBXBuildFile section */
		08CB0034299425A100DB6DEB /* AppDelegate.swift in Sources */ = {isa = PBXBuildFile; fileRef = 08CB0033299425A100DB6DEB /* AppDelegate.swift */; };
		08CB0036299425A100DB6DEB /* SceneDelegate.swift in Sources */ = {isa = PBXBuildFile; fileRef = 08CB0035299425A100DB6DEB /* SceneDelegate.swift */; };
		08CB003D299425A400DB6DEB /* Assets.xcassets in Resources */ = {isa = PBXBuildFile; fileRef = 08CB003C299425A400DB6DEB /* Assets.xcassets */; };
		08CB0040299425A400DB6DEB /* LaunchScreen.storyboard in Resources */ = {isa = PBXBuildFile; fileRef = 08CB003E299425A400DB6DEB /* LaunchScreen.storyboard */; };
		08CB004B2994277600DB6DEB /* TabBarController.swift in Sources */ = {isa = PBXBuildFile; fileRef = 08CB004A2994277600DB6DEB /* TabBarController.swift */; };
		08CB004D2994280B00DB6DEB /* Extension+UIColor.swift in Sources */ = {isa = PBXBuildFile; fileRef = 08CB004C2994280B00DB6DEB /* Extension+UIColor.swift */; };
		08CB0051299428BB00DB6DEB /* R.swift in Sources */ = {isa = PBXBuildFile; fileRef = 08CB0050299428BB00DB6DEB /* R.swift */; };
		08CB00532994361500DB6DEB /* NavBarController.swift in Sources */ = {isa = PBXBuildFile; fileRef = 08CB00522994361500DB6DEB /* NavBarController.swift */; };
		08CB00562994379000DB6DEB /* BaseController.swift in Sources */ = {isa = PBXBuildFile; fileRef = 08CB00552994379000DB6DEB /* BaseController.swift */; };
		08CB00582994393800DB6DEB /* OverviewController.swift in Sources */ = {isa = PBXBuildFile; fileRef = 08CB00572994393800DB6DEB /* OverviewController.swift */; };
		08CB005E29943B7600DB6DEB /* SessionController.swift in Sources */ = {isa = PBXBuildFile; fileRef = 08CB005D29943B7600DB6DEB /* SessionController.swift */; };
		08CB006029943B9600DB6DEB /* ProgressController.swift in Sources */ = {isa = PBXBuildFile; fileRef = 08CB005F29943B9600DB6DEB /* ProgressController.swift */; };
		08CB006229943BB700DB6DEB /* SettingsController.swift in Sources */ = {isa = PBXBuildFile; fileRef = 08CB006129943BB700DB6DEB /* SettingsController.swift */; };
		08CB00652995128800DB6DEB /* SecondaryButton.swift in Sources */ = {isa = PBXBuildFile; fileRef = 08CB00642995128800DB6DEB /* SecondaryButton.swift */; };
		08CB006729952B5B00DB6DEB /* OverviewNavBar.swift in Sources */ = {isa = PBXBuildFile; fileRef = 08CB006629952B5B00DB6DEB /* OverviewNavBar.swift */; };
		08CB006929952BA900DB6DEB /* BaseView.swift in Sources */ = {isa = PBXBuildFile; fileRef = 08CB006829952BA900DB6DEB /* BaseView.swift */; };
		08CB006C2995453400DB6DEB /* WeekView.swift in Sources */ = {isa = PBXBuildFile; fileRef = 08CB006B2995453400DB6DEB /* WeekView.swift */; };
		08CB006E2995464400DB6DEB /* WeekDayView.swift in Sources */ = {isa = PBXBuildFile; fileRef = 08CB006D2995464400DB6DEB /* WeekDayView.swift */; };
/* End PBXBuildFile section */

/* Begin PBXFileReference section */
		08CB0030299425A100DB6DEB /* TraineeTracker.app */ = {isa = PBXFileReference; explicitFileType = wrapper.application; includeInIndex = 0; path = TraineeTracker.app; sourceTree = BUILT_PRODUCTS_DIR; };
		08CB0033299425A100DB6DEB /* AppDelegate.swift */ = {isa = PBXFileReference; lastKnownFileType = sourcecode.swift; path = AppDelegate.swift; sourceTree = "<group>"; };
		08CB0035299425A100DB6DEB /* SceneDelegate.swift */ = {isa = PBXFileReference; lastKnownFileType = sourcecode.swift; path = SceneDelegate.swift; sourceTree = "<group>"; };
		08CB003C299425A400DB6DEB /* Assets.xcassets */ = {isa = PBXFileReference; lastKnownFileType = folder.assetcatalog; path = Assets.xcassets; sourceTree = "<group>"; };
		08CB003F299425A400DB6DEB /* Base */ = {isa = PBXFileReference; lastKnownFileType = file.storyboard; name = Base; path = Base.lproj/LaunchScreen.storyboard; sourceTree = "<group>"; };
		08CB0041299425A400DB6DEB /* Info.plist */ = {isa = PBXFileReference; lastKnownFileType = text.plist.xml; path = Info.plist; sourceTree = "<group>"; };
		08CB004A2994277600DB6DEB /* TabBarController.swift */ = {isa = PBXFileReference; lastKnownFileType = sourcecode.swift; path = TabBarController.swift; sourceTree = "<group>"; };
		08CB004C2994280B00DB6DEB /* Extension+UIColor.swift */ = {isa = PBXFileReference; fileEncoding = 4; lastKnownFileType = sourcecode.swift; path = "Extension+UIColor.swift"; sourceTree = "<group>"; };
		08CB0050299428BB00DB6DEB /* R.swift */ = {isa = PBXFileReference; lastKnownFileType = sourcecode.swift; path = R.swift; sourceTree = "<group>"; };
		08CB00522994361500DB6DEB /* NavBarController.swift */ = {isa = PBXFileReference; lastKnownFileType = sourcecode.swift; path = NavBarController.swift; sourceTree = "<group>"; };
		08CB00552994379000DB6DEB /* BaseController.swift */ = {isa = PBXFileReference; lastKnownFileType = sourcecode.swift; path = BaseController.swift; sourceTree = "<group>"; };
		08CB00572994393800DB6DEB /* OverviewController.swift */ = {isa = PBXFileReference; lastKnownFileType = sourcecode.swift; path = OverviewController.swift; sourceTree = "<group>"; };
		08CB005D29943B7600DB6DEB /* SessionController.swift */ = {isa = PBXFileReference; lastKnownFileType = sourcecode.swift; path = SessionController.swift; sourceTree = "<group>"; };
		08CB005F29943B9600DB6DEB /* ProgressController.swift */ = {isa = PBXFileReference; lastKnownFileType = sourcecode.swift; path = ProgressController.swift; sourceTree = "<group>"; };
		08CB006129943BB700DB6DEB /* SettingsController.swift */ = {isa = PBXFileReference; lastKnownFileType = sourcecode.swift; path = SettingsController.swift; sourceTree = "<group>"; };
		08CB00642995128800DB6DEB /* SecondaryButton.swift */ = {isa = PBXFileReference; lastKnownFileType = sourcecode.swift; path = SecondaryButton.swift; sourceTree = "<group>"; };
		08CB006629952B5B00DB6DEB /* OverviewNavBar.swift */ = {isa = PBXFileReference; lastKnownFileType = sourcecode.swift; path = OverviewNavBar.swift; sourceTree = "<group>"; };
		08CB006829952BA900DB6DEB /* BaseView.swift */ = {isa = PBXFileReference; lastKnownFileType = sourcecode.swift; path = BaseView.swift; sourceTree = "<group>"; };
		08CB006B2995453400DB6DEB /* WeekView.swift */ = {isa = PBXFileReference; lastKnownFileType = sourcecode.swift; path = WeekView.swift; sourceTree = "<group>"; };
		08CB006D2995464400DB6DEB /* WeekDayView.swift */ = {isa = PBXFileReference; lastKnownFileType = sourcecode.swift; path = WeekDayView.swift; sourceTree = "<group>"; };
/* End PBXFileReference section */

/* Begin PBXFrameworksBuildPhase section */
		08CB002D299425A100DB6DEB /* Frameworks */ = {
			isa = PBXFrameworksBuildPhase;
			buildActionMask = 2147483647;
			files = (
			);
			runOnlyForDeploymentPostprocessing = 0;
		};
/* End PBXFrameworksBuildPhase section */

/* Begin PBXGroup section */
		08CB0027299425A100DB6DEB = {
			isa = PBXGroup;
			children = (
				08CB0032299425A100DB6DEB /* TraineeTracker */,
				08CB0031299425A100DB6DEB /* Products */,
			);
			sourceTree = "<group>";
		};
		08CB0031299425A100DB6DEB /* Products */ = {
			isa = PBXGroup;
			children = (
				08CB0030299425A100DB6DEB /* TraineeTracker.app */,
			);
			name = Products;
			sourceTree = "<group>";
		};
		08CB0032299425A100DB6DEB /* TraineeTracker */ = {
			isa = PBXGroup;
			children = (
				08CB004F2994282600DB6DEB /* Helpers */,
				08CB004E2994281000DB6DEB /* Extensions */,
				08CB00492994273D00DB6DEB /* Controllers */,
				08CB00482994266000DB6DEB /* Application */,
				08CB00472994263F00DB6DEB /* SupportingFiles */,
			);
			path = TraineeTracker;
			sourceTree = "<group>";
		};
		08CB00472994263F00DB6DEB /* SupportingFiles */ = {
			isa = PBXGroup;
			children = (
				08CB003C299425A400DB6DEB /* Assets.xcassets */,
				08CB003E299425A400DB6DEB /* LaunchScreen.storyboard */,
				08CB0041299425A400DB6DEB /* Info.plist */,
			);
			path = SupportingFiles;
			sourceTree = "<group>";
		};
		08CB00482994266000DB6DEB /* Application */ = {
			isa = PBXGroup;
			children = (
				08CB0033299425A100DB6DEB /* AppDelegate.swift */,
				08CB0035299425A100DB6DEB /* SceneDelegate.swift */,
			);
			path = Application;
			sourceTree = "<group>";
		};
		08CB00492994273D00DB6DEB /* Controllers */ = {
			isa = PBXGroup;
			children = (
				08CB005C29943B5E00DB6DEB /* Settings */,
				08CB005B29943B5700DB6DEB /* Progress */,
				08CB005A29943B5100DB6DEB /* Session */,
				08CB005929943B4700DB6DEB /* Overview */,
				08CB00542994378200DB6DEB /* Base */,
			);
			path = Controllers;
			sourceTree = "<group>";
		};
		08CB004E2994281000DB6DEB /* Extensions */ = {
			isa = PBXGroup;
			children = (
				08CB004C2994280B00DB6DEB /* Extension+UIColor.swift */,
			);
			path = Extensions;
			sourceTree = "<group>";
		};
		08CB004F2994282600DB6DEB /* Helpers */ = {
			isa = PBXGroup;
			children = (
				08CB0050299428BB00DB6DEB /* R.swift */,
			);
			path = Helpers;
			sourceTree = "<group>";
		};
		08CB00542994378200DB6DEB /* Base */ = {
			isa = PBXGroup;
			children = (
				08CB004A2994277600DB6DEB /* TabBarController.swift */,
				08CB00522994361500DB6DEB /* NavBarController.swift */,
				08CB00552994379000DB6DEB /* BaseController.swift */,
				08CB006829952BA900DB6DEB /* BaseView.swift */,
			);
			path = Base;
			sourceTree = "<group>";
		};
		08CB005929943B4700DB6DEB /* Overview */ = {
			isa = PBXGroup;
			children = (
				08CB00632995126B00DB6DEB /* Views */,
				08CB00572994393800DB6DEB /* OverviewController.swift */,
			);
			path = Overview;
			sourceTree = "<group>";
		};
		08CB005A29943B5100DB6DEB /* Session */ = {
			isa = PBXGroup;
			children = (
				08CB005D29943B7600DB6DEB /* SessionController.swift */,
			);
			path = Session;
			sourceTree = "<group>";
		};
		08CB005B29943B5700DB6DEB /* Progress */ = {
			isa = PBXGroup;
			children = (
				08CB005F29943B9600DB6DEB /* ProgressController.swift */,
			);
			path = Progress;
			sourceTree = "<group>";
		};
		08CB005C29943B5E00DB6DEB /* Settings */ = {
			isa = PBXGroup;
			children = (
				08CB006129943BB700DB6DEB /* SettingsController.swift */,
			);
			path = Settings;
			sourceTree = "<group>";
		};
		08CB00632995126B00DB6DEB /* Views */ = {
			isa = PBXGroup;
			children = (
				08CB006A2995452500DB6DEB /* WeekView */,
				08CB00642995128800DB6DEB /* SecondaryButton.swift */,
				08CB006629952B5B00DB6DEB /* OverviewNavBar.swift */,
			);
			path = Views;
			sourceTree = "<group>";
		};
		08CB006A2995452500DB6DEB /* WeekView */ = {
			isa = PBXGroup;
			children = (
				08CB006B2995453400DB6DEB /* WeekView.swift */,
				08CB006D2995464400DB6DEB /* WeekDayView.swift */,
			);
			path = WeekView;
			sourceTree = "<group>";
		};
/* End PBXGroup section */

/* Begin PBXNativeTarget section */
		08CB002F299425A100DB6DEB /* TraineeTracker */ = {
			isa = PBXNativeTarget;
			buildConfigurationList = 08CB0044299425A400DB6DEB /* Build configuration list for PBXNativeTarget "TraineeTracker" */;
			buildPhases = (
				08CB002C299425A100DB6DEB /* Sources */,
				08CB002D299425A100DB6DEB /* Frameworks */,
				08CB002E299425A100DB6DEB /* Resources */,
			);
			buildRules = (
			);
			dependencies = (
			);
			name = TraineeTracker;
			productName = TraineeTracker;
			productReference = 08CB0030299425A100DB6DEB /* TraineeTracker.app */;
			productType = "com.apple.product-type.application";
		};
/* End PBXNativeTarget section */

/* Begin PBXProject section */
		08CB0028299425A100DB6DEB /* Project object */ = {
			isa = PBXProject;
			attributes = {
				BuildIndependentTargetsInParallel = 1;
				LastSwiftUpdateCheck = 1420;
				LastUpgradeCheck = 1420;
				TargetAttributes = {
					08CB002F299425A100DB6DEB = {
						CreatedOnToolsVersion = 14.2;
					};
				};
			};
			buildConfigurationList = 08CB002B299425A100DB6DEB /* Build configuration list for PBXProject "TraineeTracker" */;
			compatibilityVersion = "Xcode 14.0";
			developmentRegion = en;
			hasScannedForEncodings = 0;
			knownRegions = (
				en,
				Base,
			);
			mainGroup = 08CB0027299425A100DB6DEB;
			productRefGroup = 08CB0031299425A100DB6DEB /* Products */;
			projectDirPath = "";
			projectRoot = "";
			targets = (
				08CB002F299425A100DB6DEB /* TraineeTracker */,
			);
		};
/* End PBXProject section */

/* Begin PBXResourcesBuildPhase section */
		08CB002E299425A100DB6DEB /* Resources */ = {
			isa = PBXResourcesBuildPhase;
			buildActionMask = 2147483647;
			files = (
				08CB0040299425A400DB6DEB /* LaunchScreen.storyboard in Resources */,
				08CB003D299425A400DB6DEB /* Assets.xcassets in Resources */,
			);
			runOnlyForDeploymentPostprocessing = 0;
		};
/* End PBXResourcesBuildPhase section */

/* Begin PBXSourcesBuildPhase section */
		08CB002C299425A100DB6DEB /* Sources */ = {
			isa = PBXSourcesBuildPhase;
			buildActionMask = 2147483647;
			files = (
				08CB00652995128800DB6DEB /* SecondaryButton.swift in Sources */,
				08CB006E2995464400DB6DEB /* WeekDayView.swift in Sources */,
				08CB006029943B9600DB6DEB /* ProgressController.swift in Sources */,
				08CB004B2994277600DB6DEB /* TabBarController.swift in Sources */,
				08CB005E29943B7600DB6DEB /* SessionController.swift in Sources */,
				08CB006729952B5B00DB6DEB /* OverviewNavBar.swift in Sources */,
				08CB00532994361500DB6DEB /* NavBarController.swift in Sources */,
				08CB006C2995453400DB6DEB /* WeekView.swift in Sources */,
				08CB00562994379000DB6DEB /* BaseController.swift in Sources */,
				08CB006229943BB700DB6DEB /* SettingsController.swift in Sources */,
				08CB0034299425A100DB6DEB /* AppDelegate.swift in Sources */,
				08CB0036299425A100DB6DEB /* SceneDelegate.swift in Sources */,
				08CB0051299428BB00DB6DEB /* R.swift in Sources */,
				08CB006929952BA900DB6DEB /* BaseView.swift in Sources */,
				08CB00582994393800DB6DEB /* OverviewController.swift in Sources */,
				08CB004D2994280B00DB6DEB /* Extension+UIColor.swift in Sources */,
			);
			runOnlyForDeploymentPostprocessing = 0;
		};
/* End PBXSourcesBuildPhase section */

/* Begin PBXVariantGroup section */
		08CB003E299425A400DB6DEB /* LaunchScreen.storyboard */ = {
			isa = PBXVariantGroup;
			children = (
				08CB003F299425A400DB6DEB /* Base */,
			);
			name = LaunchScreen.storyboard;
			sourceTree = "<group>";
		};
/* End PBXVariantGroup section */

/* Begin XCBuildConfiguration section */
		08CB0042299425A400DB6DEB /* Debug */ = {
			isa = XCBuildConfiguration;
			buildSettings = {
				ALWAYS_SEARCH_USER_PATHS = NO;
				CLANG_ANALYZER_NONNULL = YES;
				CLANG_ANALYZER_NUMBER_OBJECT_CONVERSION = YES_AGGRESSIVE;
				CLANG_CXX_LANGUAGE_STANDARD = "gnu++20";
				CLANG_ENABLE_MODULES = YES;
				CLANG_ENABLE_OBJC_ARC = YES;
				CLANG_ENABLE_OBJC_WEAK = YES;
				CLANG_WARN_BLOCK_CAPTURE_AUTORELEASING = YES;
				CLANG_WARN_BOOL_CONVERSION = YES;
				CLANG_WARN_COMMA = YES;
				CLANG_WARN_CONSTANT_CONVERSION = YES;
				CLANG_WARN_DEPRECATED_OBJC_IMPLEMENTATIONS = YES;
				CLANG_WARN_DIRECT_OBJC_ISA_USAGE = YES_ERROR;
				CLANG_WARN_DOCUMENTATION_COMMENTS = YES;
				CLANG_WARN_EMPTY_BODY = YES;
				CLANG_WARN_ENUM_CONVERSION = YES;
				CLANG_WARN_INFINITE_RECURSION = YES;
				CLANG_WARN_INT_CONVERSION = YES;
				CLANG_WARN_NON_LITERAL_NULL_CONVERSION = YES;
				CLANG_WARN_OBJC_IMPLICIT_RETAIN_SELF = YES;
				CLANG_WARN_OBJC_LITERAL_CONVERSION = YES;
				CLANG_WARN_OBJC_ROOT_CLASS = YES_ERROR;
				CLANG_WARN_QUOTED_INCLUDE_IN_FRAMEWORK_HEADER = YES;
				CLANG_WARN_RANGE_LOOP_ANALYSIS = YES;
				CLANG_WARN_STRICT_PROTOTYPES = YES;
				CLANG_WARN_SUSPICIOUS_MOVE = YES;
				CLANG_WARN_UNGUARDED_AVAILABILITY = YES_AGGRESSIVE;
				CLANG_WARN_UNREACHABLE_CODE = YES;
				CLANG_WARN__DUPLICATE_METHOD_MATCH = YES;
				COPY_PHASE_STRIP = NO;
				DEBUG_INFORMATION_FORMAT = dwarf;
				ENABLE_STRICT_OBJC_MSGSEND = YES;
				ENABLE_TESTABILITY = YES;
				GCC_C_LANGUAGE_STANDARD = gnu11;
				GCC_DYNAMIC_NO_PIC = NO;
				GCC_NO_COMMON_BLOCKS = YES;
				GCC_OPTIMIZATION_LEVEL = 0;
				GCC_PREPROCESSOR_DEFINITIONS = (
					"DEBUG=1",
					"$(inherited)",
				);
				GCC_WARN_64_TO_32_BIT_CONVERSION = YES;
				GCC_WARN_ABOUT_RETURN_TYPE = YES_ERROR;
				GCC_WARN_UNDECLARED_SELECTOR = YES;
				GCC_WARN_UNINITIALIZED_AUTOS = YES_AGGRESSIVE;
				GCC_WARN_UNUSED_FUNCTION = YES;
				GCC_WARN_UNUSED_VARIABLE = YES;
				IPHONEOS_DEPLOYMENT_TARGET = 16.2;
				MTL_ENABLE_DEBUG_INFO = INCLUDE_SOURCE;
				MTL_FAST_MATH = YES;
				ONLY_ACTIVE_ARCH = YES;
				SDKROOT = iphoneos;
				SWIFT_ACTIVE_COMPILATION_CONDITIONS = DEBUG;
				SWIFT_OPTIMIZATION_LEVEL = "-Onone";
			};
			name = Debug;
		};
		08CB0043299425A400DB6DEB /* Release */ = {
			isa = XCBuildConfiguration;
			buildSettings = {
				ALWAYS_SEARCH_USER_PATHS = NO;
				CLANG_ANALYZER_NONNULL = YES;
				CLANG_ANALYZER_NUMBER_OBJECT_CONVERSION = YES_AGGRESSIVE;
				CLANG_CXX_LANGUAGE_STANDARD = "gnu++20";
				CLANG_ENABLE_MODULES = YES;
				CLANG_ENABLE_OBJC_ARC = YES;
				CLANG_ENABLE_OBJC_WEAK = YES;
				CLANG_WARN_BLOCK_CAPTURE_AUTORELEASING = YES;
				CLANG_WARN_BOOL_CONVERSION = YES;
				CLANG_WARN_COMMA = YES;
				CLANG_WARN_CONSTANT_CONVERSION = YES;
				CLANG_WARN_DEPRECATED_OBJC_IMPLEMENTATIONS = YES;
				CLANG_WARN_DIRECT_OBJC_ISA_USAGE = YES_ERROR;
				CLANG_WARN_DOCUMENTATION_COMMENTS = YES;
				CLANG_WARN_EMPTY_BODY = YES;
				CLANG_WARN_ENUM_CONVERSION = YES;
				CLANG_WARN_INFINITE_RECURSION = YES;
				CLANG_WARN_INT_CONVERSION = YES;
				CLANG_WARN_NON_LITERAL_NULL_CONVERSION = YES;
				CLANG_WARN_OBJC_IMPLICIT_RETAIN_SELF = YES;
				CLANG_WARN_OBJC_LITERAL_CONVERSION = YES;
				CLANG_WARN_OBJC_ROOT_CLASS = YES_ERROR;
				CLANG_WARN_QUOTED_INCLUDE_IN_FRAMEWORK_HEADER = YES;
				CLANG_WARN_RANGE_LOOP_ANALYSIS = YES;
				CLANG_WARN_STRICT_PROTOTYPES = YES;
				CLANG_WARN_SUSPICIOUS_MOVE = YES;
				CLANG_WARN_UNGUARDED_AVAILABILITY = YES_AGGRESSIVE;
				CLANG_WARN_UNREACHABLE_CODE = YES;
				CLANG_WARN__DUPLICATE_METHOD_MATCH = YES;
				COPY_PHASE_STRIP = NO;
				DEBUG_INFORMATION_FORMAT = "dwarf-with-dsym";
				ENABLE_NS_ASSERTIONS = NO;
				ENABLE_STRICT_OBJC_MSGSEND = YES;
				GCC_C_LANGUAGE_STANDARD = gnu11;
				GCC_NO_COMMON_BLOCKS = YES;
				GCC_WARN_64_TO_32_BIT_CONVERSION = YES;
				GCC_WARN_ABOUT_RETURN_TYPE = YES_ERROR;
				GCC_WARN_UNDECLARED_SELECTOR = YES;
				GCC_WARN_UNINITIALIZED_AUTOS = YES_AGGRESSIVE;
				GCC_WARN_UNUSED_FUNCTION = YES;
				GCC_WARN_UNUSED_VARIABLE = YES;
				IPHONEOS_DEPLOYMENT_TARGET = 16.2;
				MTL_ENABLE_DEBUG_INFO = NO;
				MTL_FAST_MATH = YES;
				SDKROOT = iphoneos;
				SWIFT_COMPILATION_MODE = wholemodule;
				SWIFT_OPTIMIZATION_LEVEL = "-O";
				VALIDATE_PRODUCT = YES;
			};
			name = Release;
		};
		08CB0045299425A400DB6DEB /* Debug */ = {
			isa = XCBuildConfiguration;
			buildSettings = {
				ASSETCATALOG_COMPILER_APPICON_NAME = AppIcon;
				ASSETCATALOG_COMPILER_GLOBAL_ACCENT_COLOR_NAME = AccentColor;
				CODE_SIGN_STYLE = Automatic;
				CURRENT_PROJECT_VERSION = 1;
				DEVELOPMENT_TEAM = QQ5FDJWTRX;
				GENERATE_INFOPLIST_FILE = YES;
				INFOPLIST_FILE = TraineeTracker/SupportingFiles/Info.plist;
				INFOPLIST_KEY_UIApplicationSupportsIndirectInputEvents = YES;
				INFOPLIST_KEY_UILaunchStoryboardName = LaunchScreen;
				INFOPLIST_KEY_UIMainStoryboardFile = "";
				INFOPLIST_KEY_UISupportedInterfaceOrientations = UIInterfaceOrientationPortrait;
				LD_RUNPATH_SEARCH_PATHS = (
					"$(inherited)",
					"@executable_path/Frameworks",
				);
				MARKETING_VERSION = 1.0;
				PRODUCT_BUNDLE_IDENTIFIER = ru.afirthes.TraineeTracker;
				PRODUCT_NAME = "$(TARGET_NAME)";
				SUPPORTED_PLATFORMS = "iphoneos iphonesimulator";
				SUPPORTS_MACCATALYST = NO;
				SUPPORTS_MAC_DESIGNED_FOR_IPHONE_IPAD = YES;
				SWIFT_EMIT_LOC_STRINGS = YES;
				SWIFT_VERSION = 5.0;
				TARGETED_DEVICE_FAMILY = 1;
			};
			name = Debug;
		};
		08CB0046299425A400DB6DEB /* Release */ = {
			isa = XCBuildConfiguration;
			buildSettings = {
				ASSETCATALOG_COMPILER_APPICON_NAME = AppIcon;
				ASSETCATALOG_COMPILER_GLOBAL_ACCENT_COLOR_NAME = AccentColor;
				CODE_SIGN_STYLE = Automatic;
				CURRENT_PROJECT_VERSION = 1;
				DEVELOPMENT_TEAM = QQ5FDJWTRX;
				GENERATE_INFOPLIST_FILE = YES;
				INFOPLIST_FILE = TraineeTracker/SupportingFiles/Info.plist;
				INFOPLIST_KEY_UIApplicationSupportsIndirectInputEvents = YES;
				INFOPLIST_KEY_UILaunchStoryboardName = LaunchScreen;
				INFOPLIST_KEY_UIMainStoryboardFile = "";
				INFOPLIST_KEY_UISupportedInterfaceOrientations = UIInterfaceOrientationPortrait;
				LD_RUNPATH_SEARCH_PATHS = (
					"$(inherited)",
					"@executable_path/Frameworks",
				);
				MARKETING_VERSION = 1.0;
				PRODUCT_BUNDLE_IDENTIFIER = ru.afirthes.TraineeTracker;
				PRODUCT_NAME = "$(TARGET_NAME)";
				SUPPORTED_PLATFORMS = "iphoneos iphonesimulator";
				SUPPORTS_MACCATALYST = NO;
				SUPPORTS_MAC_DESIGNED_FOR_IPHONE_IPAD = YES;
				SWIFT_EMIT_LOC_STRINGS = YES;
				SWIFT_VERSION = 5.0;
				TARGETED_DEVICE_FAMILY = 1;
			};
			name = Release;
		};
/* End XCBuildConfiguration section */

/* Begin XCConfigurationList section */
		08CB002B299425A100DB6DEB /* Build configuration list for PBXProject "TraineeTracker" */ = {
			isa = XCConfigurationList;
			buildConfigurations = (
				08CB0042299425A400DB6DEB /* Debug */,
				08CB0043299425A400DB6DEB /* Release */,
			);
			defaultConfigurationIsVisible = 0;
			defaultConfigurationName = Release;
		};
		08CB0044299425A400DB6DEB /* Build configuration list for PBXNativeTarget "TraineeTracker" */ = {
			isa = XCConfigurationList;
			buildConfigurations = (
				08CB0045299425A400DB6DEB /* Debug */,
				08CB0046299425A400DB6DEB /* Release */,
			);
			defaultConfigurationIsVisible = 0;
			defaultConfigurationName = Release;
		};
/* End XCConfigurationList section */
	};
	rootObject = 08CB0028299425A100DB6DEB /* Project object */;
}
